
Microsoft Visual Studio Solution File, Format Version 12.00
# Visual Studio 15
Project("{FAE04EC0-301F-11D3-BF4B-00C04F79EFBC}") = "Assembly-CSharp", "Assembly-CSharp.csproj", "{91E23AF7-1A29-D56C-178D-3D594BB9D4A9}"
EndProject
Project("{FAE04EC0-301F-11D3-BF4B-00C04F79EFBC}") = "DataBaseService", "DataBaseService\DataBaseService.csproj", "{E4C33430-C947-4AC4-B20F-589B1B7EBF91}"
EndProject
Global
	GlobalSection(SolutionConfigurationPlatforms) = preSolution
		Debug|Any CPU = Debug|Any CPU
		Release|Any CPU = Release|Any CPU
	EndGlobalSection
	GlobalSection(ProjectConfigurationPlatforms) = postSolution
		{91E23AF7-1A29-D56C-178D-3D594BB9D4A9}.Debug|Any CPU.ActiveCfg = Debug|Any CPU
		{91E23AF7-1A29-D56C-178D-3D594BB9D4A9}.Debug|Any CPU.Build.0 = Debug|Any CPU
		{91E23AF7-1A29-D56C-178D-3D594BB9D4A9}.Release|Any CPU.ActiveCfg = Release|Any CPU
		{91E23AF7-1A29-D56C-178D-3D594BB9D4A9}.Release|Any CPU.Build.0 = Release|Any CPU
		{E4C33430-C947-4AC4-B20F-589B1B7EBF91}.Debug|Any CPU.ActiveCfg = Debug|Any CPU
		{E4C33430-C947-4AC4-B20F-589B1B7EBF91}.Debug|Any CPU.Build.0 = Debug|Any CPU
		{E4C33430-C947-4AC4-B20F-589B1B7EBF91}.Release|Any CPU.ActiveCfg = Release|Any CPU
		{E4C33430-C947-4AC4-B20F-589B1B7EBF91}.Release|Any CPU.Build.0 = Release|Any CPU
	EndGlobalSection
	GlobalSection(SolutionProperties) = preSolution
		HideSolutionNode = FALSE
	EndGlobalSection
EndGlobal
